Microsoft Visual Studio Solution File, Format Version 9.00
# Visual Studio 2005
Project("{8BC9CEB8-8B4A-11D0-8D11-00A0C91BC942}") = "F32x_BulkFileTransfer", "F32x_BulkFileTransfer.vcproj", "{61ED89F8-1CD7-476B-A1C8-3ED4A2F286EF}"
EndProject
Global
	GlobalSection(SolutionConfigurationPlatforms) = preSolution
		Debug|Win32 = Debug|Win32
		Release|Win32 = Release|Win32
	EndGlobalSection
	GlobalSection(ProjectConfigurationPlatforms) = postSolution
		{61ED89F8-1CD7-476B-A1C8-3ED4A2F286EF}.Debug|Win32.ActiveCfg = Release|Win32
		{61ED89F8-1CD7-476B-A1C8-3ED4A2F286EF}.Debug|Win32.Build.0 = Release|Win32
		{61ED89F8-1CD7-476B-A1C8-3ED4A2F286EF}.Release|Win32.ActiveCfg = Release|Win32
		{61ED89F8-1CD7-476B-A1C8-3ED4A2F286EF}.Release|Win32.Build.0 = Release|Win32
	EndGlobalSection
	GlobalSection(SolutionProperties) = preSolution
		HideSolutionNode = FALSE
	EndGlobalSection
EndGlobal
